
Microsoft Visual Studio Solution File, Format Version 12.00
# Visual Studio 15
VisualStudioVersion = 15.0.28307.421
MinimumVisualStudioVersion = 10.0.40219.1
Project("{FAE04EC0-301F-11D3-BF4B-00C04F79EFBC}") = "Task1", "Task1\Task1.csproj", "{927E9937-F6A7-4BA3-9D76-ADC4DA784BE8}"
EndProject
Global
	GlobalSection(SolutionConfigurationPlatforms) = preSolution
		Debug|Any CPU = Debug|Any CPU
		Release|Any CPU = Release|Any CPU
	EndGlobalSection
	GlobalSection(ProjectConfigurationPlatforms) = postSolution
		{927E9937-F6A7-4BA3-9D76-ADC4DA784BE8}.Debug|Any CPU.ActiveCfg = Debug|Any CPU
		{927E9937-F6A7-4BA3-9D76-ADC4DA784BE8}.Debug|Any CPU.Build.0 = Debug|Any CPU
		{927E9937-F6A7-4BA3-9D76-ADC4DA784BE8}.Release|Any CPU.ActiveCfg = Release|Any CPU
		{927E9937-F6A7-4BA3-9D76-ADC4DA784BE8}.Release|Any CPU.Build.0 = Release|Any CPU
	EndGlobalSection
	GlobalSection(SolutionProperties) = preSolution
		HideSolutionNode = FALSE
	EndGlobalSection
	GlobalSection(ExtensibilityGlobals) = postSolution
		SolutionGuid = {385A3BD4-A569-4458-83E3-037AA8F5E716}
	EndGlobalSection
EndGlobal
