
Microsoft Visual Studio Solution File, Format Version 12.00
# Visual Studio 15
VisualStudioVersion = 15.0.28307.329
MinimumVisualStudioVersion = 10.0.40219.1
Project("{FAE04EC0-301F-11D3-BF4B-00C04F79EFBC}") = "Task1", "Task1\Task1.csproj", "{997319CC-7D15-423F-AF54-31032135A2EF}"
EndProject
Project("{FAE04EC0-301F-11D3-BF4B-00C04F79EFBC}") = "Task2", "Task2\Task2.csproj", "{A3A54FD8-7CBD-4B1B-AF60-74C343890162}"
EndProject
Project("{FAE04EC0-301F-11D3-BF4B-00C04F79EFBC}") = "Task3", "Task3\Task3.csproj", "{0D6F7176-CF6F-4E16-B0DE-D1C8E8C219F9}"
EndProject
Project("{FAE04EC0-301F-11D3-BF4B-00C04F79EFBC}") = "Task4", "Task4\Task4.csproj", "{0B65AC58-47FF-49DC-B2D4-63D7038E808C}"
EndProject
Global
	GlobalSection(SolutionConfigurationPlatforms) = preSolution
		Debug|Any CPU = Debug|Any CPU
		Release|Any CPU = Release|Any CPU
	EndGlobalSection
	GlobalSection(ProjectConfigurationPlatforms) = postSolution
		{997319CC-7D15-423F-AF54-31032135A2EF}.Debug|Any CPU.ActiveCfg = Debug|Any CPU
		{997319CC-7D15-423F-AF54-31032135A2EF}.Debug|Any CPU.Build.0 = Debug|Any CPU
		{997319CC-7D15-423F-AF54-31032135A2EF}.Release|Any CPU.ActiveCfg = Release|Any CPU
		{997319CC-7D15-423F-AF54-31032135A2EF}.Release|Any CPU.Build.0 = Release|Any CPU
		{A3A54FD8-7CBD-4B1B-AF60-74C343890162}.Debug|Any CPU.ActiveCfg = Debug|Any CPU
		{A3A54FD8-7CBD-4B1B-AF60-74C343890162}.Debug|Any CPU.Build.0 = Debug|Any CPU
		{A3A54FD8-7CBD-4B1B-AF60-74C343890162}.Release|Any CPU.ActiveCfg = Release|Any CPU
		{A3A54FD8-7CBD-4B1B-AF60-74C343890162}.Release|Any CPU.Build.0 = Release|Any CPU
		{0D6F7176-CF6F-4E16-B0DE-D1C8E8C219F9}.Debug|Any CPU.ActiveCfg = Debug|Any CPU
		{0D6F7176-CF6F-4E16-B0DE-D1C8E8C219F9}.Debug|Any CPU.Build.0 = Debug|Any CPU
		{0D6F7176-CF6F-4E16-B0DE-D1C8E8C219F9}.Release|Any CPU.ActiveCfg = Release|Any CPU
		{0D6F7176-CF6F-4E16-B0DE-D1C8E8C219F9}.Release|Any CPU.Build.0 = Release|Any CPU
		{0B65AC58-47FF-49DC-B2D4-63D7038E808C}.Debug|Any CPU.ActiveCfg = Debug|Any CPU
		{0B65AC58-47FF-49DC-B2D4-63D7038E808C}.Debug|Any CPU.Build.0 = Debug|Any CPU
		{0B65AC58-47FF-49DC-B2D4-63D7038E808C}.Release|Any CPU.ActiveCfg = Release|Any CPU
		{0B65AC58-47FF-49DC-B2D4-63D7038E808C}.Release|Any CPU.Build.0 = Release|Any CPU
	EndGlobalSection
	GlobalSection(SolutionProperties) = preSolution
		HideSolutionNode = FALSE
	EndGlobalSection
	GlobalSection(ExtensibilityGlobals) = postSolution
		SolutionGuid = {F3863950-3EAA-452B-93D6-08A1FA6DCAB6}
	EndGlobalSection
EndGlobal
